{
  "name": "myblog",
  "version": "1.0.0",
  "lockfileVersion": 1,
  "requires": true,
  "dependencies": {
    "@vssue/api-github-v4": {
      "version": "1.4.0",
      "resolved": "https://registry.npmjs.org/@vssue/api-github-v4/-/api-github-v4-1.4.0.tgz",
      "integrity": "sha512-AdMYX62zXolvbJl0YoLjMQfoyIaK+pso2TVb34L+tjqfxgfubRm6mE/pWU7cKLiWMn6IaiS0LotC2O4y/omqDQ==",
      "requires": {
        "@vssue/utils": "^1.4.0",
        "axios": "^0.18.1"
      }
    },
    "@vssue/utils": {
      "version": "1.4.0",
      "resolved": "https://registry.npmjs.org/@vssue/utils/-/utils-1.4.0.tgz",
      "integrity": "sha512-3d9WCYNurdFKApFzU8i7YD1GCGhunEVYnwSJxwQ2rDmEdpLneAYNJWg9+QS6bqzB+Pw7ymtwLf/Sqti9+xUGqA==",
      "requires": {
        "date-fns": "^1.29.0",
        "qs": "^6.6.0"
      }
    },
    "@vssue/vuepress-plugin-vssue": {
      "version": "1.4.3",
      "resolved": "https://registry.npmjs.org/@vssue/vuepress-plugin-vssue/-/vuepress-plugin-vssue-1.4.3.tgz",
      "integrity": "sha512-ZzfmGhz0Pn0T56j4DZf+HUC6xJ4opZ2CMT9TJFg9VeU83DuqunWHbji878Mtxz5beUn0rv3FXthjJ2KWHIGC6g==",
      "requires": {
        "vssue": "^1.4.3"
      }
    },
    "@vuepress/plugin-back-to-top": {
      "version": "1.4.0",
      "resolved": "https://registry.npmjs.org/@vuepress/plugin-back-to-top/-/plugin-back-to-top-1.4.0.tgz",
      "integrity": "sha512-tFsFx/jIoCh3hKWIDYioQyqhF+OJ+3QYAyPSJsvIadmOiS1Op33MlPVurWxr+J5hGlsvnOEyQqT9++mGh3N2KA==",
      "requires": {
        "lodash.debounce": "^4.0.8"
      }
    },
    "@vuepress/plugin-medium-zoom": {
      "version": "1.4.0",
      "resolved": "https://registry.npmjs.org/@vuepress/plugin-medium-zoom/-/plugin-medium-zoom-1.4.0.tgz",
      "integrity": "sha512-PkGSZa2LLrGN1V4KJ/p2/Mp9kUx7sCqXRaL3CG1ku+Lr2vgBzbcsCXXsJLszhm6ZyvBHus7hJpZxrx87n++IOg==",
      "dev": true,
      "requires": {
        "medium-zoom": "^1.0.4"
      }
    },
    "axios": {
      "version": "0.18.1",
      "resolved": "https://registry.npmjs.org/axios/-/axios-0.18.1.tgz",
      "integrity": "sha512-0BfJq4NSfQXd+SkFdrvFbG7addhYSBA2mQwISr46pD6E5iqkWg02RAs8vyTT/j0RTnoYmeXauBuSv1qKwR179g==",
      "requires": {
        "follow-redirects": "1.5.10",
        "is-buffer": "^2.0.2"
      }
    },
    "date-fns": {
      "version": "1.30.1",
      "resolved": "https://registry.npmjs.org/date-fns/-/date-fns-1.30.1.tgz",
      "integrity": "sha512-hBSVCvSmWC+QypYObzwGOd9wqdDpOt+0wl0KbU+R+uuZBS1jN8VsD1ss3irQDknRj5NvxiTF6oj/nDRnN/UQNw=="
    },
    "debug": {
      "version": "3.1.0",
      "resolved": "https://registry.npmjs.org/debug/-/debug-3.1.0.tgz",
      "integrity": "sha512-OX8XqP7/1a9cqkxYw2yXss15f26NKWBpDXQd0/uK/KPqdQhxbPa994hnzjcE2VqQpDslf55723cKPUOGSmMY3g==",
      "requires": {
        "ms": "2.0.0"
      }
    },
    "follow-redirects": {
      "version": "1.5.10",
      "resolved": "https://registry.npmjs.org/follow-redirects/-/follow-redirects-1.5.10.tgz",
      "integrity": "sha512-0V5l4Cizzvqt5D44aTXbFZz+FtyXV1vrDN6qrelxtfYQKW0KO0W2T/hkE8xvGa/540LkZlkaUjO4ailYTFtHVQ==",
      "requires": {
        "debug": "=3.1.0"
      }
    },
    "github-markdown-css": {
      "version": "3.0.1",
      "resolved": "https://registry.npmjs.org/github-markdown-css/-/github-markdown-css-3.0.1.tgz",
      "integrity": "sha512-9G5CIPsHoyk5ObDsb/H4KTi23J8KE1oDd4KYU51qwqeM+lKWAiO7abpSgCkyWswgmSKBiuE7/4f8xUz7f2qAiQ=="
    },
    "is-buffer": {
      "version": "2.0.4",
      "resolved": "https://registry.npmjs.org/is-buffer/-/is-buffer-2.0.4.tgz",
      "integrity": "sha512-Kq1rokWXOPXWuaMAqZiJW4XxsmD9zGx9q4aePabbn3qCRGedtH7Cm+zV8WETitMfu1wdh+Rvd6w5egwSngUX2A=="
    },
    "lodash.debounce": {
      "version": "4.0.8",
      "resolved": "https://registry.npmjs.org/lodash.debounce/-/lodash.debounce-4.0.8.tgz",
      "integrity": "sha1-gteb/zCmfEAF/9XiUVMArZyk168="
    },
    "medium-zoom": {
      "version": "1.0.5",
      "resolved": "https://registry.npmjs.org/medium-zoom/-/medium-zoom-1.0.5.tgz",
      "integrity": "sha512-aLGa6WlTuFKWvH88bqTrY5ztJMN+D0hd8UX6BYc4YSoPayppzETjZUcdVcksgaoQEMg4cZSmXPg846fTp2rjRQ==",
      "dev": true
    },
    "moment": {
      "version": "2.24.0",
      "resolved": "https://registry.npmjs.org/moment/-/moment-2.24.0.tgz",
      "integrity": "sha512-bV7f+6l2QigeBBZSM/6yTNq4P2fNpSWj/0e7jQcy87A8e7o2nAfP/34/2ky5Vw4B9S446EtIhodAzkFCcR4dQg=="
    },
    "ms": {
      "version": "2.0.0",
      "resolved": "https://registry.npmjs.org/ms/-/ms-2.0.0.tgz",
      "integrity": "sha1-VgiurfwAvmwpAd9fmGF4jeDVl8g="
    },
    "qs": {
      "version": "6.9.3",
      "resolved": "https://registry.npmjs.org/qs/-/qs-6.9.3.tgz",
      "integrity": "sha512-EbZYNarm6138UKKq46tdx08Yo/q9ZhFoAXAI1meAFd2GtbRDhbZY2WQSICskT0c5q99aFzLG1D4nvTk9tqfXIw=="
    },
    "vssue": {
      "version": "1.4.3",
      "resolved": "https://registry.npmjs.org/vssue/-/vssue-1.4.3.tgz",
      "integrity": "sha512-xGnsLahqREumXgHnZ92MzNbIfwYqz8fZUQVGTe5/b2tCWsF5pFhO51fv4FVVDvVUwF6NsT3Kzy4HTVvJK2at4A==",
      "requires": {
        "@vssue/utils": "^1.4.0",
        "github-markdown-css": "^3.0.1",
        "vue": "^2.6.10",
        "vue-i18n": "^8.11.2",
        "vue-property-decorator": "^8.1.1"
      }
    },
    "vue": {
      "version": "2.6.11",
      "resolved": "https://registry.npmjs.org/vue/-/vue-2.6.11.tgz",
      "integrity": "sha512-VfPwgcGABbGAue9+sfrD4PuwFar7gPb1yl1UK1MwXoQPAw0BKSqWfoYCT/ThFrdEVWoI51dBuyCoiNU9bZDZxQ=="
    },
    "vue-class-component": {
      "version": "7.2.3",
      "resolved": "https://registry.npmjs.org/vue-class-component/-/vue-class-component-7.2.3.tgz",
      "integrity": "sha512-oEqYpXKaFN+TaXU+mRLEx8dX0ah85aAJEe61mpdoUrq0Bhe/6sWhyZX1JjMQLhVsHAkncyhedhmCdDVSasUtDw=="
    },
    "vue-i18n": {
      "version": "8.16.0",
      "resolved": "https://registry.npmjs.org/vue-i18n/-/vue-i18n-8.16.0.tgz",
      "integrity": "sha512-cp9JOsx4ETzlCsnD22FE8ZhAmD8kcyNLRKV0DPsS7bBNTCdIlOKuyTGonWKYcGCUtNMtwemDWRBevRm8eevBVg=="
    },
    "vue-property-decorator": {
      "version": "8.4.1",
      "resolved": "https://registry.npmjs.org/vue-property-decorator/-/vue-property-decorator-8.4.1.tgz",
      "integrity": "sha512-8R4Us7DxFO0rwAL/2fv6vaZL8Oa4n/HGanHODYGTcvQHwT0FYJr9UuuFm2GoWAIXQu1mDO03HNeHswFp9vmTVA==",
      "requires": {
        "vue-class-component": "^7.1.0"
      }
    },
    "vuepress-plugin-auto-sidebar": {
      "version": "1.4.1",
      "resolved": "https://registry.npmjs.org/vuepress-plugin-auto-sidebar/-/vuepress-plugin-auto-sidebar-1.4.1.tgz",
      "integrity": "sha512-sJHMkd8ASvKnSp0dBeceQDirpW+56oWZNZgaip/yyvhpz3txjj2F5ECx7VuGwy0L/pahpIyyKwOsXY7POuMcfw==",
      "dev": true
    }
  }
}
